// !$*UTF8*$!
{
	archiveVersion = 1;
	classes = {
	};
	objectVersion = 50;
	objects = {

/* Begin PBXBuildFile section */
		9E5A5A302581CFD800380838 /* RestaurantRandomizer.swift in Sources */ = {isa = PBXBuildFile; fileRef = 9E5A5A2F2581CFD800380838 /* RestaurantRandomizer.swift */; };
		9E5A5A3D2582468300380838 /* DetailViewController.swift in Sources */ = {isa = PBXBuildFile; fileRef = 9E5A5A3C2582468300380838 /* DetailViewController.swift */; };
		9E5A5A4F25831EB200380838 /* MenuListController.swift in Sources */ = {isa = PBXBuildFile; fileRef = 9E5A5A4E25831EB200380838 /* MenuListController.swift */; };
		F28232112569927100035356 /* ARFTableViewController.swift in Sources */ = {isa = PBXBuildFile; fileRef = F28232102569927000035356 /* ARFTableViewController.swift */; };
		F2D36C5D256762110035D8EE /* AppDelegate.swift in Sources */ = {isa = PBXBuildFile; fileRef = F2D36C5C256762110035D8EE /* AppDelegate.swift */; };
		F2D36C5F256762110035D8EE /* SceneDelegate.swift in Sources */ = {isa = PBXBuildFile; fileRef = F2D36C5E256762110035D8EE /* SceneDelegate.swift */; };
		F2D36C61256762110035D8EE /* MapViewController.swift in Sources */ = {isa = PBXBuildFile; fileRef = F2D36C60256762110035D8EE /* MapViewController.swift */; };
		F2D36C64256762110035D8EE /* Main.storyboard in Resources */ = {isa = PBXBuildFile; fileRef = F2D36C62256762110035D8EE /* Main.storyboard */; };
		F2D36C66256762130035D8EE /* Assets.xcassets in Resources */ = {isa = PBXBuildFile; fileRef = F2D36C65256762130035D8EE /* Assets.xcassets */; };
		F2D36C69256762130035D8EE /* LaunchScreen.storyboard in Resources */ = {isa = PBXBuildFile; fileRef = F2D36C67256762130035D8EE /* LaunchScreen.storyboard */; };
		F2FEE5722569BBCE00C7F49B /* DataController.swift in Sources */ = {isa = PBXBuildFile; fileRef = F2FEE5712569BBCE00C7F49B /* DataController.swift */; };
		F2FEE5762569BBF300C7F49B /* MediaDataModel.swift in Sources */ = {isa = PBXBuildFile; fileRef = F2FEE5752569BBF300C7F49B /* MediaDataModel.swift */; };
/* End PBXBuildFile section */

/* Begin PBXFileReference section */
		9E5A5A2F2581CFD800380838 /* RestaurantRandomizer.swift */ = {isa = PBXFileReference; lastKnownFileType = sourcecode.swift; path = RestaurantRandomizer.swift; sourceTree = "<group>"; };
		9E5A5A3C2582468300380838 /* DetailViewController.swift */ = {isa = PBXFileReference; lastKnownFileType = sourcecode.swift; path = DetailViewController.swift; sourceTree = "<group>"; };
		9E5A5A4E25831EB200380838 /* MenuListController.swift */ = {isa = PBXFileReference; lastKnownFileType = sourcecode.swift; path = MenuListController.swift; sourceTree = "<group>"; };
		F28232102569927000035356 /* ARFTableViewController.swift */ = {isa = PBXFileReference; lastKnownFileType = sourcecode.swift; path = ARFTableViewController.swift; sourceTree = "<group>"; };
		F2D36C59256762110035D8EE /* Final_Project_Will_Stanley.app */ = {isa = PBXFileReference; explicitFileType = wrapper.application; includeInIndex = 0; path = Final_Project_Will_Stanley.app; sourceTree = BUILT_PRODUCTS_DIR; };
		F2D36C5C256762110035D8EE /* AppDelegate.swift */ = {isa = PBXFileReference; lastKnownFileType = sourcecode.swift; path = AppDelegate.swift; sourceTree = "<group>"; };
		F2D36C5E256762110035D8EE /* SceneDelegate.swift */ = {isa = PBXFileReference; lastKnownFileType = sourcecode.swift; path = SceneDelegate.swift; sourceTree = "<group>"; };
		F2D36C60256762110035D8EE /* MapViewController.swift */ = {isa = PBXFileReference; lastKnownFileType = sourcecode.swift; path = MapViewController.swift; sourceTree = "<group>"; };
		F2D36C63256762110035D8EE /* Base */ = {isa = PBXFileReference; lastKnownFileType = file.storyboard; name = Base; path = Base.lproj/Main.storyboard; sourceTree = "<group>"; };
		F2D36C65256762130035D8EE /* Assets.xcassets */ = {isa = PBXFileReference; lastKnownFileType = folder.assetcatalog; path = Assets.xcassets; sourceTree = "<group>"; };
		F2D36C68256762130035D8EE /* Base */ = {isa = PBXFileReference; lastKnownFileType = file.storyboard; name = Base; path = Base.lproj/LaunchScreen.storyboard; sourceTree = "<group>"; };
		F2D36C6A256762130035D8EE /* Info.plist */ = {isa = PBXFileReference; lastKnownFileType = text.plist.xml; path = Info.plist; sourceTree = "<group>"; };
		F2FEE5712569BBCE00C7F49B /* DataController.swift */ = {isa = PBXFileReference; lastKnownFileType = sourcecode.swift; path = DataController.swift; sourceTree = "<group>"; };
		F2FEE5752569BBF300C7F49B /* MediaDataModel.swift */ = {isa = PBXFileReference; lastKnownFileType = sourcecode.swift; path = MediaDataModel.swift; sourceTree = "<group>"; };
/* End PBXFileReference section */

/* Begin PBXFrameworksBuildPhase section */
		F2D36C56256762110035D8EE /* Frameworks */ = {
			isa = PBXFrameworksBuildPhase;
			buildActionMask = 2147483647;
			files = (
			);
			runOnlyForDeploymentPostprocessing = 0;
		};
/* End PBXFrameworksBuildPhase section */

/* Begin PBXGroup section */
		9E5A5A32258238E400380838 /* JSON Stuff */ = {
			isa = PBXGroup;
			children = (
				F28232102569927000035356 /* ARFTableViewController.swift */,
				F2FEE5712569BBCE00C7F49B /* DataController.swift */,
				9E5A5A3C2582468300380838 /* DetailViewController.swift */,
				F2FEE5752569BBF300C7F49B /* MediaDataModel.swift */,
			);
			path = "JSON Stuff";
			sourceTree = "<group>";
		};
		9E5A5A3325823AEE00380838 /* Map & Random */ = {
			isa = PBXGroup;
			children = (
				F2D36C60256762110035D8EE /* MapViewController.swift */,
				9E5A5A2F2581CFD800380838 /* RestaurantRandomizer.swift */,
			);
			path = "Map & Random";
			sourceTree = "<group>";
		};
		F2D36C50256762110035D8EE = {
			isa = PBXGroup;
			children = (
				F2D36C5B256762110035D8EE /* Final_Project_Will_Stanley */,
				F2D36C5A256762110035D8EE /* Products */,
			);
			sourceTree = "<group>";
		};
		F2D36C5A256762110035D8EE /* Products */ = {
			isa = PBXGroup;
			children = (
				F2D36C59256762110035D8EE /* Final_Project_Will_Stanley.app */,
			);
			name = Products;
			sourceTree = "<group>";
		};
		F2D36C5B256762110035D8EE /* Final_Project_Will_Stanley */ = {
			isa = PBXGroup;
			children = (
				9E5A5A3325823AEE00380838 /* Map & Random */,
				9E5A5A32258238E400380838 /* JSON Stuff */,
				F2D36C5C256762110035D8EE /* AppDelegate.swift */,
				F2D36C5E256762110035D8EE /* SceneDelegate.swift */,
				F2D36C67256762130035D8EE /* LaunchScreen.storyboard */,
				F2D36C62256762110035D8EE /* Main.storyboard */,
				F2D36C65256762130035D8EE /* Assets.xcassets */,
				F2D36C6A256762130035D8EE /* Info.plist */,
				9E5A5A4E25831EB200380838 /* MenuListController.swift */,
			);
			path = Final_Project_Will_Stanley;
			sourceTree = "<group>";
		};
/* End PBXGroup section */

/* Begin PBXNativeTarget section */
		F2D36C58256762110035D8EE /* Final_Project_Will_Stanley */ = {
			isa = PBXNativeTarget;
			buildConfigurationList = F2D36C6D256762130035D8EE /* Build configuration list for PBXNativeTarget "Final_Project_Will_Stanley" */;
			buildPhases = (
				F2D36C55256762110035D8EE /* Sources */,
				F2D36C56256762110035D8EE /* Frameworks */,
				F2D36C57256762110035D8EE /* Resources */,
			);
			buildRules = (
			);
			dependencies = (
			);
			name = Final_Project_Will_Stanley;
			productName = Final_Project_Will_Stanley;
			productReference = F2D36C59256762110035D8EE /* Final_Project_Will_Stanley.app */;
			productType = "com.apple.product-type.application";
		};
/* End PBXNativeTarget section */

/* Begin PBXProject section */
		F2D36C51256762110035D8EE /* Project object */ = {
			isa = PBXProject;
			attributes = {
				LastSwiftUpdateCheck = 1200;
				LastUpgradeCheck = 1200;
				TargetAttributes = {
					F2D36C58256762110035D8EE = {
						CreatedOnToolsVersion = 12.0.1;
					};
				};
			};
			buildConfigurationList = F2D36C54256762110035D8EE /* Build configuration list for PBXProject "Final_Project_Will_Stanley" */;
			compatibilityVersion = "Xcode 9.3";
			developmentRegion = en;
			hasScannedForEncodings = 0;
			knownRegions = (
				en,
				Base,
			);
			mainGroup = F2D36C50256762110035D8EE;
			productRefGroup = F2D36C5A256762110035D8EE /* Products */;
			projectDirPath = "";
			projectRoot = "";
			targets = (
				F2D36C58256762110035D8EE /* Final_Project_Will_Stanley */,
			);
		};
/* End PBXProject section */

/* Begin PBXResourcesBuildPhase section */
		F2D36C57256762110035D8EE /* Resources */ = {
			isa = PBXResourcesBuildPhase;
			buildActionMask = 2147483647;
			files = (
				F2D36C69256762130035D8EE /* LaunchScreen.storyboard in Resources */,
				F2D36C66256762130035D8EE /* Assets.xcassets in Resources */,
				F2D36C64256762110035D8EE /* Main.storyboard in Resources */,
			);
			runOnlyForDeploymentPostprocessing = 0;
		};
/* End PBXResourcesBuildPhase section */

/* Begin PBXSourcesBuildPhase section */
		F2D36C55256762110035D8EE /* Sources */ = {
			isa = PBXSourcesBuildPhase;
			buildActionMask = 2147483647;
			files = (
				F2FEE5722569BBCE00C7F49B /* DataController.swift in Sources */,
				F2D36C61256762110035D8EE /* MapViewController.swift in Sources */,
				F2FEE5762569BBF300C7F49B /* MediaDataModel.swift in Sources */,
				F2D36C5D256762110035D8EE /* AppDelegate.swift in Sources */,
				9E5A5A302581CFD800380838 /* RestaurantRandomizer.swift in Sources */,
				F2D36C5F256762110035D8EE /* SceneDelegate.swift in Sources */,
				9E5A5A3D2582468300380838 /* DetailViewController.swift in Sources */,
				9E5A5A4F25831EB200380838 /* MenuListController.swift in Sources */,
				F28232112569927100035356 /* ARFTableViewController.swift in Sources */,
			);
			runOnlyForDeploymentPostprocessing = 0;
		};
/* End PBXSourcesBuildPhase section */

/* Begin PBXVariantGroup section */
		F2D36C62256762110035D8EE /* Main.storyboard */ = {
			isa = PBXVariantGroup;
			children = (
				F2D36C63256762110035D8EE /* Base */,
			);
			name = Main.storyboard;
			sourceTree = "<group>";
		};
		F2D36C67256762130035D8EE /* LaunchScreen.storyboard */ = {
			isa = PBXVariantGroup;
			children = (
				F2D36C68256762130035D8EE /* Base */,
			);
			name = LaunchScreen.storyboard;
			sourceTree = "<group>";
		};
/* End PBXVariantGroup section */

/* Begin XCBuildConfiguration section */
		F2D36C6B256762130035D8EE /* Debug */ = {
			isa = XCBuildConfiguration;
			buildSettings = {
				ALWAYS_SEARCH_USER_PATHS = NO;
				CLANG_ANALYZER_NONNULL = YES;
				CLANG_ANALYZER_NUMBER_OBJECT_CONVERSION = YES_AGGRESSIVE;
				CLANG_CXX_LANGUAGE_STANDARD = "gnu++14";
				CLANG_CXX_LIBRARY = "libc++";
				CLANG_ENABLE_MODULES = YES;
				CLANG_ENABLE_OBJC_ARC = YES;
				CLANG_ENABLE_OBJC_WEAK = YES;
				CLANG_WARN_BLOCK_CAPTURE_AUTORELEASING = YES;
				CLANG_WARN_BOOL_CONVERSION = YES;
				CLANG_WARN_COMMA = YES;
				CLANG_WARN_CONSTANT_CONVERSION = YES;
				CLANG_WARN_DEPRECATED_OBJC_IMPLEMENTATIONS = YES;
				CLANG_WARN_DIRECT_OBJC_ISA_USAGE = YES_ERROR;
				CLANG_WARN_DOCUMENTATION_COMMENTS = YES;
				CLANG_WARN_EMPTY_BODY = YES;
				CLANG_WARN_ENUM_CONVERSION = YES;
				CLANG_WARN_INFINITE_RECURSION = YES;
				CLANG_WARN_INT_CONVERSION = YES;
				CLANG_WARN_NON_LITERAL_NULL_CONVERSION = YES;
				CLANG_WARN_OBJC_IMPLICIT_RETAIN_SELF = YES;
				CLANG_WARN_OBJC_LITERAL_CONVERSION = YES;
				CLANG_WARN_OBJC_ROOT_CLASS = YES_ERROR;
				CLANG_WARN_QUOTED_INCLUDE_IN_FRAMEWORK_HEADER = YES;
				CLANG_WARN_RANGE_LOOP_ANALYSIS = YES;
				CLANG_WARN_STRICT_PROTOTYPES = YES;
				CLANG_WARN_SUSPICIOUS_MOVE = YES;
				CLANG_WARN_UNGUARDED_AVAILABILITY = YES_AGGRESSIVE;
				CLANG_WARN_UNREACHABLE_CODE = YES;
				CLANG_WARN__DUPLICATE_METHOD_MATCH = YES;
				COPY_PHASE_STRIP = NO;
				DEBUG_INFORMATION_FORMAT = dwarf;
				ENABLE_STRICT_OBJC_MSGSEND = YES;
				ENABLE_TESTABILITY = YES;
				GCC_C_LANGUAGE_STANDARD = gnu11;
				GCC_DYNAMIC_NO_PIC = NO;
				GCC_NO_COMMON_BLOCKS = YES;
				GCC_OPTIMIZATION_LEVEL = 0;
				GCC_PREPROCESSOR_DEFINITIONS = (
					"DEBUG=1",
					"$(inherited)",
				);
				GCC_WARN_64_TO_32_BIT_CONVERSION = YES;
				GCC_WARN_ABOUT_RETURN_TYPE = YES_ERROR;
				GCC_WARN_UNDECLARED_SELECTOR = YES;
				GCC_WARN_UNINITIALIZED_AUTOS = YES_AGGRESSIVE;
				GCC_WARN_UNUSED_FUNCTION = YES;
				GCC_WARN_UNUSED_VARIABLE = YES;
				IPHONEOS_DEPLOYMENT_TARGET = 14.0;
				MTL_ENABLE_DEBUG_INFO = INCLUDE_SOURCE;
				MTL_FAST_MATH = YES;
				ONLY_ACTIVE_ARCH = YES;
				SDKROOT = iphoneos;
				SWIFT_ACTIVE_COMPILATION_CONDITIONS = DEBUG;
				SWIFT_OPTIMIZATION_LEVEL = "-Onone";
			};
			name = Debug;
		};
		F2D36C6C256762130035D8EE /* Release */ = {
			isa = XCBuildConfiguration;
			buildSettings = {
				ALWAYS_SEARCH_USER_PATHS = NO;
				CLANG_ANALYZER_NONNULL = YES;
				CLANG_ANALYZER_NUMBER_OBJECT_CONVERSION = YES_AGGRESSIVE;
				CLANG_CXX_LANGUAGE_STANDARD = "gnu++14";
				CLANG_CXX_LIBRARY = "libc++";
				CLANG_ENABLE_MODULES = YES;
				CLANG_ENABLE_OBJC_ARC = YES;
				CLANG_ENABLE_OBJC_WEAK = YES;
				CLANG_WARN_BLOCK_CAPTURE_AUTORELEASING = YES;
				CLANG_WARN_BOOL_CONVERSION = YES;
				CLANG_WARN_COMMA = YES;
				CLANG_WARN_CONSTANT_CONVERSION = YES;
				CLANG_WARN_DEPRECATED_OBJC_IMPLEMENTATIONS = YES;
				CLANG_WARN_DIRECT_OBJC_ISA_USAGE = YES_ERROR;
				CLANG_WARN_DOCUMENTATION_COMMENTS = YES;
				CLANG_WARN_EMPTY_BODY = YES;
				CLANG_WARN_ENUM_CONVERSION = YES;
				CLANG_WARN_INFINITE_RECURSION = YES;
				CLANG_WARN_INT_CONVERSION = YES;
				CLANG_WARN_NON_LITERAL_NULL_CONVERSION = YES;
				CLANG_WARN_OBJC_IMPLICIT_RETAIN_SELF = YES;
				CLANG_WARN_OBJC_LITERAL_CONVERSION = YES;
				CLANG_WARN_OBJC_ROOT_CLASS = YES_ERROR;
				CLANG_WARN_QUOTED_INCLUDE_IN_FRAMEWORK_HEADER = YES;
				CLANG_WARN_RANGE_LOOP_ANALYSIS = YES;
				CLANG_WARN_STRICT_PROTOTYPES = YES;
				CLANG_WARN_SUSPICIOUS_MOVE = YES;
				CLANG_WARN_UNGUARDED_AVAILABILITY = YES_AGGRESSIVE;
				CLANG_WARN_UNREACHABLE_CODE = YES;
				CLANG_WARN__DUPLICATE_METHOD_MATCH = YES;
				COPY_PHASE_STRIP = NO;
				DEBUG_INFORMATION_FORMAT = "dwarf-with-dsym";
				ENABLE_NS_ASSERTIONS = NO;
				ENABLE_STRICT_OBJC_MSGSEND = YES;
				GCC_C_LANGUAGE_STANDARD = gnu11;
				GCC_NO_COMMON_BLOCKS = YES;
				GCC_WARN_64_TO_32_BIT_CONVERSION = YES;
				GCC_WARN_ABOUT_RETURN_TYPE = YES_ERROR;
				GCC_WARN_UNDECLARED_SELECTOR = YES;
				GCC_WARN_UNINITIALIZED_AUTOS = YES_AGGRESSIVE;
				GCC_WARN_UNUSED_FUNCTION = YES;
				GCC_WARN_UNUSED_VARIABLE = YES;
				IPHONEOS_DEPLOYMENT_TARGET = 14.0;
				MTL_ENABLE_DEBUG_INFO = NO;
				MTL_FAST_MATH = YES;
				SDKROOT = iphoneos;
				SWIFT_COMPILATION_MODE = wholemodule;
				SWIFT_OPTIMIZATION_LEVEL = "-O";
				VALIDATE_PRODUCT = YES;
			};
			name = Release;
		};
		F2D36C6E256762130035D8EE /* Debug */ = {
			isa = XCBuildConfiguration;
			buildSettings = {
				ASSETCATALOG_COMPILER_APPICON_NAME = AppIcon;
				ASSETCATALOG_COMPILER_GLOBAL_ACCENT_COLOR_NAME = AccentColor;
				CODE_SIGN_STYLE = Automatic;
				INFOPLIST_FILE = Final_Project_Will_Stanley/Info.plist;
				LD_RUNPATH_SEARCH_PATHS = (
					"$(inherited)",
					"@executable_path/Frameworks",
				);
				PRODUCT_BUNDLE_IDENTIFIER = "WillStanley.Final-Project-Will-Stanley";
				PRODUCT_NAME = "$(TARGET_NAME)";
				SWIFT_VERSION = 5.0;
				TARGETED_DEVICE_FAMILY = "1,2";
			};
			name = Debug;
		};
		F2D36C6F256762130035D8EE /* Release */ = {
			isa = XCBuildConfiguration;
			buildSettings = {
				ASSETCATALOG_COMPILER_APPICON_NAME = AppIcon;
				ASSETCATALOG_COMPILER_GLOBAL_ACCENT_COLOR_NAME = AccentColor;
				CODE_SIGN_STYLE = Automatic;
				INFOPLIST_FILE = Final_Project_Will_Stanley/Info.plist;
				LD_RUNPATH_SEARCH_PATHS = (
					"$(inherited)",
					"@executable_path/Frameworks",
				);
				PRODUCT_BUNDLE_IDENTIFIER = "WillStanley.Final-Project-Will-Stanley";
				PRODUCT_NAME = "$(TARGET_NAME)";
				SWIFT_VERSION = 5.0;
				TARGETED_DEVICE_FAMILY = "1,2";
			};
			name = Release;
		};
/* End XCBuildConfiguration section */

/* Begin XCConfigurationList section */
		F2D36C54256762110035D8EE /* Build configuration list for PBXProject "Final_Project_Will_Stanley" */ = {
			isa = XCConfigurationList;
			buildConfigurations = (
				F2D36C6B256762130035D8EE /* Debug */,
				F2D36C6C256762130035D8EE /* Release */,
			);
			defaultConfigurationIsVisible = 0;
			defaultConfigurationName = Release;
		};
		F2D36C6D256762130035D8EE /* Build configuration list for PBXNativeTarget "Final_Project_Will_Stanley" */ = {
			isa = XCConfigurationList;
			buildConfigurations = (
				F2D36C6E256762130035D8EE /* Debug */,
				F2D36C6F256762130035D8EE /* Release */,
			);
			defaultConfigurationIsVisible = 0;
			defaultConfigurationName = Release;
		};
/* End XCConfigurationList section */
	};
	rootObject = F2D36C51256762110035D8EE /* Project object */;
}
